
Microsoft Visual Studio Solution File, Format Version 12.00
# Visual Studio Version 16
VisualStudioVersion = 16.0.30523.141
MinimumVisualStudioVersion = 10.0.40219.1
Project("{9A19103F-16F7-4668-BE54-9A1E7A4F7556}") = "Bookish.DataAccess", "Bookish.DataAccess\Bookish.DataAccess.csproj", "{7662A614-BD8D-4322-8C40-D1629BDDA978}"
EndProject
Project("{9A19103F-16F7-4668-BE54-9A1E7A4F7556}") = "Bookish.ConsoleApp", "Bookish.ConsoleApp\Bookish.ConsoleApp.csproj", "{0F898AC8-5E55-4560-900C-16717F997F5C}"
EndProject
Project("{FAE04EC0-301F-11D3-BF4B-00C04F79EFBC}") = "Bookish.Web", "Bookish.Web\Bookish.Web.csproj", "{9E79A54C-2F2D-4695-91F8-21FB26553CD2}"
EndProject
Global
	GlobalSection(SolutionConfigurationPlatforms) = preSolution
		Debug|Any CPU = Debug|Any CPU
		Release|Any CPU = Release|Any CPU
	EndGlobalSection
	GlobalSection(ProjectConfigurationPlatforms) = postSolution
		{7662A614-BD8D-4322-8C40-D1629BDDA978}.Debug|Any CPU.ActiveCfg = Debug|Any CPU
		{7662A614-BD8D-4322-8C40-D1629BDDA978}.Debug|Any CPU.Build.0 = Debug|Any CPU
		{7662A614-BD8D-4322-8C40-D1629BDDA978}.Release|Any CPU.ActiveCfg = Release|Any CPU
		{7662A614-BD8D-4322-8C40-D1629BDDA978}.Release|Any CPU.Build.0 = Release|Any CPU
		{0F898AC8-5E55-4560-900C-16717F997F5C}.Debug|Any CPU.ActiveCfg = Debug|Any CPU
		{0F898AC8-5E55-4560-900C-16717F997F5C}.Debug|Any CPU.Build.0 = Debug|Any CPU
		{0F898AC8-5E55-4560-900C-16717F997F5C}.Release|Any CPU.ActiveCfg = Release|Any CPU
		{0F898AC8-5E55-4560-900C-16717F997F5C}.Release|Any CPU.Build.0 = Release|Any CPU
		{9E79A54C-2F2D-4695-91F8-21FB26553CD2}.Debug|Any CPU.ActiveCfg = Debug|Any CPU
		{9E79A54C-2F2D-4695-91F8-21FB26553CD2}.Debug|Any CPU.Build.0 = Debug|Any CPU
		{9E79A54C-2F2D-4695-91F8-21FB26553CD2}.Release|Any CPU.ActiveCfg = Release|Any CPU
		{9E79A54C-2F2D-4695-91F8-21FB26553CD2}.Release|Any CPU.Build.0 = Release|Any CPU
	EndGlobalSection
	GlobalSection(SolutionProperties) = preSolution
		HideSolutionNode = FALSE
	EndGlobalSection
	GlobalSection(ExtensibilityGlobals) = postSolution
		SolutionGuid = {25BE3A98-B213-47E0-80DE-BB1DF9BD8003}
	EndGlobalSection
EndGlobal
